lock_version: 1

package:
  distribution: orinoco-lite
  version: "0.3.0rc2"
  url: "https://github.com/ORINOCO-Lite/orinoco-lite-dev/releases/download/v0.3.0rc2/orinoco_lite-0.3.0rc2-py3-none-any.whl"
  sha256: "88272737eff6e5f16b1b45ed4860be20768afb50ece3cac6d8ad0c598ccd6cd3"

template:
  source: "gh:ORINOCO-Lite/orinoco-lite-template"
  version: "6e7744c831ba46684f019a99daf75b12d8c8adf8"

workflow:
  repository: "ORINOCO-Lite/orinoco-lite-dev"
  sha: "6cee7f0378241ee3cd56b30642d2b6da0ce03fcc"
  ref: "ORINOCO-Lite/orinoco-lite-dev/.github/workflows/orinoco-consumer-ci.yml@6cee7f0378241ee3cd56b30642d2b6da0ce03fcc"
